# This file is generated by running "yarn install" inside your project.
# Manual changes might be lost - proceed with caution!

__metadata:
  version: 6
  cacheKey: 8

"@backend/core@workspace:changelog":
  version: 0.0.0-use.local
  resolution: "@backend/core@workspace:changelog"
  dependencies:
    "@napi-rs/cli": ^2.16.1
  languageName: unknown
  linkType: soft

"@mikojs/actions@workspace:.":
  version: 0.0.0-use.local
  resolution: "@mikojs/actions@workspace:."
  languageName: unknown
  linkType: soft

"@napi-rs/cli@npm:^2.16.1":
  version: 2.16.1
  resolution: "@napi-rs/cli@npm:2.16.1"
  bin:
    napi: scripts/index.js
  checksum: 5f61712cf1a4002b7b9b65bc4a6f2a7df68b197cfc7024c7d28820e3b12b5e9c0baa0d85f262f25dbf928586ce01c5c06837754f9f98ef4ebafa55dd027c6837
  languageName: node
  linkType: hard
